
Microsoft Visual Studio Solution File, Format Version 12.00
# Visual Studio Version 17
VisualStudioVersion = 17.8.34511.84
MinimumVisualStudioVersion = 10.0.40219.1
Project("{9A19103F-16F7-4668-BE54-9A1E7A4F7556}") = "Reddoxx.Quartz.MongoDbJobStore", "src\Reddoxx.Quartz.MongoDbJobStore\Reddoxx.Quartz.MongoDbJobStore.csproj", "{E74E5823-4BC3-4BEC-A2D6-57FD0CF044E8}"
EndProject
Project("{9A19103F-16F7-4668-BE54-9A1E7A4F7556}") = "Reddoxx.Quartz.MongoDbJobStore.Tests", "tests\Reddoxx.Quartz.MongoDbJobStore.Tests\Reddoxx.Quartz.MongoDbJobStore.Tests.csproj", "{F7C8DDA0-E08B-4D03-BE83-44CDCF0AEA5A}"
EndProject
Project("{2150E333-8FDC-42A3-9474-1A3956D46DE8}") = "Solution Items", "Solution Items", "{68540D53-C6A8-4D9A-99C9-CD7BD1F04C13}"
	ProjectSection(SolutionItems) = preProject
		.editorconfig = .editorconfig
		Directory.Build.props = Directory.Build.props
		global.json = global.json
		LICENSE.txt = LICENSE.txt
		README.md = README.md
	EndProjectSection
EndProject
Project("{2150E333-8FDC-42A3-9474-1A3956D46DE8}") = "src", "src", "{C02528EE-7671-44C3-97EF-ACB14B16D880}"
	ProjectSection(SolutionItems) = preProject
		src\Directory.Build.props = src\Directory.Build.props
	EndProjectSection
EndProject
Project("{2150E333-8FDC-42A3-9474-1A3956D46DE8}") = "tests", "tests", "{FC5D1CB6-7548-4A9C-B17F-0C2997753F1B}"
EndProject
Project("{2150E333-8FDC-42A3-9474-1A3956D46DE8}") = ".github", ".github", "{8388814E-DF18-4594-AE7F-30D1EAABDB4D}"
EndProject
Project("{2150E333-8FDC-42A3-9474-1A3956D46DE8}") = "workflows", "workflows", "{56C8706D-4B8B-445B-9EAD-A39AAC841487}"
	ProjectSection(SolutionItems) = preProject
		.github\workflows\dotnet.yml = .github\workflows\dotnet.yml
	EndProjectSection
EndProject
Project("{FAE04EC0-301F-11D3-BF4B-00C04F79EFBC}") = "Reddoxx.Quartz.MongoDbJobStore.Redlock", "src\Reddoxx.Quartz.MongoDbJobStore.Redlock\Reddoxx.Quartz.MongoDbJobStore.Redlock.csproj", "{05EEBEC9-7234-409E-A1BC-0CA873BBC47A}"
EndProject
Project("{FAE04EC0-301F-11D3-BF4B-00C04F79EFBC}") = "Reddoxx.Quartz.MongoDbJobStore.ServiceStackRedis", "src\Reddoxx.Quartz.MongoDbJobStore.ServiceStackRedis\Reddoxx.Quartz.MongoDbJobStore.ServiceStackRedis.csproj", "{413813DA-21F0-4687-9460-321110968042}"
EndProject
Global
	GlobalSection(SolutionConfigurationPlatforms) = preSolution
		Debug|Any CPU = Debug|Any CPU
		Release|Any CPU = Release|Any CPU
	EndGlobalSection
	GlobalSection(ProjectConfigurationPlatforms) = postSolution
		{E74E5823-4BC3-4BEC-A2D6-57FD0CF044E8}.Debug|Any CPU.ActiveCfg = Debug|Any CPU
		{E74E5823-4BC3-4BEC-A2D6-57FD0CF044E8}.Debug|Any CPU.Build.0 = Debug|Any CPU
		{E74E5823-4BC3-4BEC-A2D6-57FD0CF044E8}.Release|Any CPU.ActiveCfg = Release|Any CPU
		{E74E5823-4BC3-4BEC-A2D6-57FD0CF044E8}.Release|Any CPU.Build.0 = Release|Any CPU
		{F7C8DDA0-E08B-4D03-BE83-44CDCF0AEA5A}.Debug|Any CPU.ActiveCfg = Debug|Any CPU
		{F7C8DDA0-E08B-4D03-BE83-44CDCF0AEA5A}.Debug|Any CPU.Build.0 = Debug|Any CPU
		{F7C8DDA0-E08B-4D03-BE83-44CDCF0AEA5A}.Release|Any CPU.ActiveCfg = Release|Any CPU
		{F7C8DDA0-E08B-4D03-BE83-44CDCF0AEA5A}.Release|Any CPU.Build.0 = Release|Any CPU
		{05EEBEC9-7234-409E-A1BC-0CA873BBC47A}.Debug|Any CPU.ActiveCfg = Debug|Any CPU
		{05EEBEC9-7234-409E-A1BC-0CA873BBC47A}.Debug|Any CPU.Build.0 = Debug|Any CPU
		{05EEBEC9-7234-409E-A1BC-0CA873BBC47A}.Release|Any CPU.ActiveCfg = Release|Any CPU
		{05EEBEC9-7234-409E-A1BC-0CA873BBC47A}.Release|Any CPU.Build.0 = Release|Any CPU
		{413813DA-21F0-4687-9460-321110968042}.Debug|Any CPU.ActiveCfg = Debug|Any CPU
		{413813DA-21F0-4687-9460-321110968042}.Debug|Any CPU.Build.0 = Debug|Any CPU
		{413813DA-21F0-4687-9460-321110968042}.Release|Any CPU.ActiveCfg = Release|Any CPU
		{413813DA-21F0-4687-9460-321110968042}.Release|Any CPU.Build.0 = Release|Any CPU
	EndGlobalSection
	GlobalSection(SolutionProperties) = preSolution
		HideSolutionNode = FALSE
	EndGlobalSection
	GlobalSection(NestedProjects) = preSolution
		{E74E5823-4BC3-4BEC-A2D6-57FD0CF044E8} = {C02528EE-7671-44C3-97EF-ACB14B16D880}
		{F7C8DDA0-E08B-4D03-BE83-44CDCF0AEA5A} = {FC5D1CB6-7548-4A9C-B17F-0C2997753F1B}
		{56C8706D-4B8B-445B-9EAD-A39AAC841487} = {8388814E-DF18-4594-AE7F-30D1EAABDB4D}
		{05EEBEC9-7234-409E-A1BC-0CA873BBC47A} = {C02528EE-7671-44C3-97EF-ACB14B16D880}
		{413813DA-21F0-4687-9460-321110968042} = {C02528EE-7671-44C3-97EF-ACB14B16D880}
	EndGlobalSection
	GlobalSection(ExtensibilityGlobals) = postSolution
		SolutionGuid = {50C84C3E-FEA4-4EA1-8CB8-E3FF3D95DB27}
	EndGlobalSection
EndGlobal
